// !$*UTF8*$!
{
	archiveVersion = 1;
	classes = {
	};
	objectVersion = 50;
	objects = {

/* Begin PBXBuildFile section */
		C0394F582452AD3C0034E37B /* Category.swift in Sources */ = {isa = PBXBuildFile; fileRef = C0394F572452AD3C0034E37B /* Category.swift */; };
		C0394F5A2452AE6A0034E37B /* CategoryCell.swift in Sources */ = {isa = PBXBuildFile; fileRef = C0394F592452AE6A0034E37B /* CategoryCell.swift */; };
		C0394F5C2452AFD70034E37B /* Constants.swift in Sources */ = {isa = PBXBuildFile; fileRef = C0394F5B2452AFD70034E37B /* Constants.swift */; };
		C0394F5E2452C70A0034E37B /* ArticlesListViewController.swift in Sources */ = {isa = PBXBuildFile; fileRef = C0394F5D2452C70A0034E37B /* ArticlesListViewController.swift */; };
		C0394F602452C72A0034E37B /* DetailViewController.swift in Sources */ = {isa = PBXBuildFile; fileRef = C0394F5F2452C72A0034E37B /* DetailViewController.swift */; };
		C0394F62245374920034E37B /* ArticleCell.swift in Sources */ = {isa = PBXBuildFile; fileRef = C0394F61245374920034E37B /* ArticleCell.swift */; };
		C0394F662453E32B0034E37B /* Keys.swift in Sources */ = {isa = PBXBuildFile; fileRef = C0394F652453E32B0034E37B /* Keys.swift */; };
		C0394F682453E4260034E37B /* NetworkManager.swift in Sources */ = {isa = PBXBuildFile; fileRef = C0394F672453E4260034E37B /* NetworkManager.swift */; };
		C081418D24510FAB009F76C2 /* AppDelegate.swift in Sources */ = {isa = PBXBuildFile; fileRef = C081418C24510FAB009F76C2 /* AppDelegate.swift */; };
		C081418F24510FAB009F76C2 /* SceneDelegate.swift in Sources */ = {isa = PBXBuildFile; fileRef = C081418E24510FAB009F76C2 /* SceneDelegate.swift */; };
		C081419624510FAD009F76C2 /* Assets.xcassets in Resources */ = {isa = PBXBuildFile; fileRef = C081419524510FAD009F76C2 /* Assets.xcassets */; };
		C081419924510FAD009F76C2 /* LaunchScreen.storyboard in Resources */ = {isa = PBXBuildFile; fileRef = C081419724510FAD009F76C2 /* LaunchScreen.storyboard */; };
		C08141A1245295CB009F76C2 /* CategoriesViewController.swift in Sources */ = {isa = PBXBuildFile; fileRef = C08141A0245295CB009F76C2 /* CategoriesViewController.swift */; };
/* End PBXBuildFile section */

/* Begin PBXFileReference section */
		C0394F572452AD3C0034E37B /* Category.swift */ = {isa = PBXFileReference; lastKnownFileType = sourcecode.swift; path = Category.swift; sourceTree = "<group>"; };
		C0394F592452AE6A0034E37B /* CategoryCell.swift */ = {isa = PBXFileReference; lastKnownFileType = sourcecode.swift; path = CategoryCell.swift; sourceTree = "<group>"; };
		C0394F5B2452AFD70034E37B /* Constants.swift */ = {isa = PBXFileReference; lastKnownFileType = sourcecode.swift; path = Constants.swift; sourceTree = "<group>"; };
		C0394F5D2452C70A0034E37B /* ArticlesListViewController.swift */ = {isa = PBXFileReference; lastKnownFileType = sourcecode.swift; path = ArticlesListViewController.swift; sourceTree = "<group>"; };
		C0394F5F2452C72A0034E37B /* DetailViewController.swift */ = {isa = PBXFileReference; lastKnownFileType = sourcecode.swift; path = DetailViewController.swift; sourceTree = "<group>"; };
		C0394F61245374920034E37B /* ArticleCell.swift */ = {isa = PBXFileReference; lastKnownFileType = sourcecode.swift; path = ArticleCell.swift; sourceTree = "<group>"; };
		C0394F652453E32B0034E37B /* Keys.swift */ = {isa = PBXFileReference; lastKnownFileType = sourcecode.swift; name = Keys.swift; path = " Model/Keys.swift"; sourceTree = "<group>"; };
		C0394F672453E4260034E37B /* NetworkManager.swift */ = {isa = PBXFileReference; lastKnownFileType = sourcecode.swift; path = NetworkManager.swift; sourceTree = "<group>"; };
		C081418924510FAB009F76C2 /* Newsstand.app */ = {isa = PBXFileReference; explicitFileType = wrapper.application; includeInIndex = 0; path = Newsstand.app; sourceTree = BUILT_PRODUCTS_DIR; };
		C081418C24510FAB009F76C2 /* AppDelegate.swift */ = {isa = PBXFileReference; lastKnownFileType = sourcecode.swift; path = AppDelegate.swift; sourceTree = "<group>"; };
		C081418E24510FAB009F76C2 /* SceneDelegate.swift */ = {isa = PBXFileReference; lastKnownFileType = sourcecode.swift; path = SceneDelegate.swift; sourceTree = "<group>"; };
		C081419524510FAD009F76C2 /* Assets.xcassets */ = {isa = PBXFileReference; lastKnownFileType = folder.assetcatalog; path = Assets.xcassets; sourceTree = "<group>"; };
		C081419824510FAD009F76C2 /* Base */ = {isa = PBXFileReference; lastKnownFileType = file.storyboard; name = Base; path = Base.lproj/LaunchScreen.storyboard; sourceTree = "<group>"; };
		C081419A24510FAD009F76C2 /* Info.plist */ = {isa = PBXFileReference; lastKnownFileType = text.plist.xml; path = Info.plist; sourceTree = "<group>"; };
		C08141A0245295CB009F76C2 /* CategoriesViewController.swift */ = {isa = PBXFileReference; lastKnownFileType = sourcecode.swift; path = CategoriesViewController.swift; sourceTree = "<group>"; };
/* End PBXFileReference section */

/* Begin PBXFrameworksBuildPhase section */
		C081418624510FAB009F76C2 /* Frameworks */ = {
			isa = PBXFrameworksBuildPhase;
			buildActionMask = 2147483647;
			files = (
			);
			runOnlyForDeploymentPostprocessing = 0;
		};
/* End PBXFrameworksBuildPhase section */

/* Begin PBXGroup section */
		C0394F542452AC8C0034E37B /*  Model */ = {
			isa = PBXGroup;
			children = (
				C0394F572452AD3C0034E37B /* Category.swift */,
				C0394F5B2452AFD70034E37B /* Constants.swift */,
			);
			path = " Model";
			sourceTree = "<group>";
		};
		C0394F552452AC990034E37B /* View */ = {
			isa = PBXGroup;
			children = (
				C0394F592452AE6A0034E37B /* CategoryCell.swift */,
				C0394F61245374920034E37B /* ArticleCell.swift */,
			);
			path = View;
			sourceTree = "<group>";
		};
		C0394F562452ACA00034E37B /* Controller */ = {
			isa = PBXGroup;
			children = (
				C08141A0245295CB009F76C2 /* CategoriesViewController.swift */,
				C0394F5D2452C70A0034E37B /* ArticlesListViewController.swift */,
				C0394F5F2452C72A0034E37B /* DetailViewController.swift */,
				C0394F672453E4260034E37B /* NetworkManager.swift */,
			);
			path = Controller;
			sourceTree = "<group>";
		};
		C081418024510FAA009F76C2 = {
			isa = PBXGroup;
			children = (
				C081418B24510FAB009F76C2 /* Newsstand */,
				C081418A24510FAB009F76C2 /* Products */,
			);
			sourceTree = "<group>";
		};
		C081418A24510FAB009F76C2 /* Products */ = {
			isa = PBXGroup;
			children = (
				C081418924510FAB009F76C2 /* Newsstand.app */,
			);
			name = Products;
			sourceTree = "<group>";
		};
		C081418B24510FAB009F76C2 /* Newsstand */ = {
			isa = PBXGroup;
			children = (
				C081418C24510FAB009F76C2 /* AppDelegate.swift */,
				C081418E24510FAB009F76C2 /* SceneDelegate.swift */,
				C0394F652453E32B0034E37B /* Keys.swift */,
				C0394F542452AC8C0034E37B /*  Model */,
				C0394F552452AC990034E37B /* View */,
				C0394F562452ACA00034E37B /* Controller */,
				C081419524510FAD009F76C2 /* Assets.xcassets */,
				C081419724510FAD009F76C2 /* LaunchScreen.storyboard */,
				C081419A24510FAD009F76C2 /* Info.plist */,
			);
			path = Newsstand;
			sourceTree = "<group>";
		};
/* End PBXGroup section */

/* Begin PBXNativeTarget section */
		C081418824510FAB009F76C2 /* Newsstand */ = {
			isa = PBXNativeTarget;
			buildConfigurationList = C081419D24510FAD009F76C2 /* Build configuration list for PBXNativeTarget "Newsstand" */;
			buildPhases = (
				C081418524510FAB009F76C2 /* Sources */,
				C081418624510FAB009F76C2 /* Frameworks */,
				C081418724510FAB009F76C2 /* Resources */,
			);
			buildRules = (
			);
			dependencies = (
			);
			name = Newsstand;
			productName = Newsstand;
			productReference = C081418924510FAB009F76C2 /* Newsstand.app */;
			productType = "com.apple.product-type.application";
		};
/* End PBXNativeTarget section */

/* Begin PBXProject section */
		C081418124510FAA009F76C2 /* Project object */ = {
			isa = PBXProject;
			attributes = {
				LastSwiftUpdateCheck = 1130;
				LastUpgradeCheck = 1130;
				ORGANIZATIONNAME = "Jessica Trinh";
				TargetAttributes = {
					C081418824510FAB009F76C2 = {
						CreatedOnToolsVersion = 11.3.1;
					};
				};
			};
			buildConfigurationList = C081418424510FAA009F76C2 /* Build configuration list for PBXProject "Newsstand" */;
			compatibilityVersion = "Xcode 9.3";
			developmentRegion = en;
			hasScannedForEncodings = 0;
			knownRegions = (
				en,
				Base,
			);
			mainGroup = C081418024510FAA009F76C2;
			productRefGroup = C081418A24510FAB009F76C2 /* Products */;
			projectDirPath = "";
			projectRoot = "";
			targets = (
				C081418824510FAB009F76C2 /* Newsstand */,
			);
		};
/* End PBXProject section */

/* Begin PBXResourcesBuildPhase section */
		C081418724510FAB009F76C2 /* Resources */ = {
			isa = PBXResourcesBuildPhase;
			buildActionMask = 2147483647;
			files = (
				C081419924510FAD009F76C2 /* LaunchScreen.storyboard in Resources */,
				C081419624510FAD009F76C2 /* Assets.xcassets in Resources */,
			);
			runOnlyForDeploymentPostprocessing = 0;
		};
/* End PBXResourcesBuildPhase section */

/* Begin PBXSourcesBuildPhase section */
		C081418524510FAB009F76C2 /* Sources */ = {
			isa = PBXSourcesBuildPhase;
			buildActionMask = 2147483647;
			files = (
				C081418D24510FAB009F76C2 /* AppDelegate.swift in Sources */,
				C0394F5E2452C70A0034E37B /* ArticlesListViewController.swift in Sources */,
				C08141A1245295CB009F76C2 /* CategoriesViewController.swift in Sources */,
				C081418F24510FAB009F76C2 /* SceneDelegate.swift in Sources */,
				C0394F682453E4260034E37B /* NetworkManager.swift in Sources */,
				C0394F582452AD3C0034E37B /* Category.swift in Sources */,
				C0394F62245374920034E37B /* ArticleCell.swift in Sources */,
				C0394F5A2452AE6A0034E37B /* CategoryCell.swift in Sources */,
				C0394F5C2452AFD70034E37B /* Constants.swift in Sources */,
				C0394F602452C72A0034E37B /* DetailViewController.swift in Sources */,
				C0394F662453E32B0034E37B /* Keys.swift in Sources */,
			);
			runOnlyForDeploymentPostprocessing = 0;
		};
/* End PBXSourcesBuildPhase section */

/* Begin PBXVariantGroup section */
		C081419724510FAD009F76C2 /* LaunchScreen.storyboard */ = {
			isa = PBXVariantGroup;
			children = (
				C081419824510FAD009F76C2 /* Base */,
			);
			name = LaunchScreen.storyboard;
			sourceTree = "<group>";
		};
/* End PBXVariantGroup section */

/* Begin XCBuildConfiguration section */
		C081419B24510FAD009F76C2 /* Debug */ = {
			isa = XCBuildConfiguration;
			buildSettings = {
				ALWAYS_SEARCH_USER_PATHS = NO;
				CLANG_ANALYZER_NONNULL = YES;
				CLANG_ANALYZER_NUMBER_OBJECT_CONVERSION = YES_AGGRESSIVE;
				CLANG_CXX_LANGUAGE_STANDARD = "gnu++14";
				CLANG_CXX_LIBRARY = "libc++";
				CLANG_ENABLE_MODULES = YES;
				CLANG_ENABLE_OBJC_ARC = YES;
				CLANG_ENABLE_OBJC_WEAK = YES;
				CLANG_WARN_BLOCK_CAPTURE_AUTORELEASING = YES;
				CLANG_WARN_BOOL_CONVERSION = YES;
				CLANG_WARN_COMMA = YES;
				CLANG_WARN_CONSTANT_CONVERSION = YES;
				CLANG_WARN_DEPRECATED_OBJC_IMPLEMENTATIONS = YES;
				CLANG_WARN_DIRECT_OBJC_ISA_USAGE = YES_ERROR;
				CLANG_WARN_DOCUMENTATION_COMMENTS = YES;
				CLANG_WARN_EMPTY_BODY = YES;
				CLANG_WARN_ENUM_CONVERSION = YES;
				CLANG_WARN_INFINITE_RECURSION = YES;
				CLANG_WARN_INT_CONVERSION = YES;
				CLANG_WARN_NON_LITERAL_NULL_CONVERSION = YES;
				CLANG_WARN_OBJC_IMPLICIT_RETAIN_SELF = YES;
				CLANG_WARN_OBJC_LITERAL_CONVERSION = YES;
				CLANG_WARN_OBJC_ROOT_CLASS = YES_ERROR;
				CLANG_WARN_RANGE_LOOP_ANALYSIS = YES;
				CLANG_WARN_STRICT_PROTOTYPES = YES;
				CLANG_WARN_SUSPICIOUS_MOVE = YES;
				CLANG_WARN_UNGUARDED_AVAILABILITY = YES_AGGRESSIVE;
				CLANG_WARN_UNREACHABLE_CODE = YES;
				CLANG_WARN__DUPLICATE_METHOD_MATCH = YES;
				COPY_PHASE_STRIP = NO;
				DEBUG_INFORMATION_FORMAT = dwarf;
				ENABLE_STRICT_OBJC_MSGSEND = YES;
				ENABLE_TESTABILITY = YES;
				GCC_C_LANGUAGE_STANDARD = gnu11;
				GCC_DYNAMIC_NO_PIC = NO;
				GCC_NO_COMMON_BLOCKS = YES;
				GCC_OPTIMIZATION_LEVEL = 0;
				GCC_PREPROCESSOR_DEFINITIONS = (
					"DEBUG=1",
					"$(inherited)",
				);
				GCC_WARN_64_TO_32_BIT_CONVERSION = YES;
				GCC_WARN_ABOUT_RETURN_TYPE = YES_ERROR;
				GCC_WARN_UNDECLARED_SELECTOR = YES;
				GCC_WARN_UNINITIALIZED_AUTOS = YES_AGGRESSIVE;
				GCC_WARN_UNUSED_FUNCTION = YES;
				GCC_WARN_UNUSED_VARIABLE = YES;
				IPHONEOS_DEPLOYMENT_TARGET = 13.2;
				MTL_ENABLE_DEBUG_INFO = INCLUDE_SOURCE;
				MTL_FAST_MATH = YES;
				ONLY_ACTIVE_ARCH = YES;
				SDKROOT = iphoneos;
				SWIFT_ACTIVE_COMPILATION_CONDITIONS = DEBUG;
				SWIFT_OPTIMIZATION_LEVEL = "-Onone";
			};
			name = Debug;
		};
		C081419C24510FAD009F76C2 /* Release */ = {
			isa = XCBuildConfiguration;
			buildSettings = {
				ALWAYS_SEARCH_USER_PATHS = NO;
				CLANG_ANALYZER_NONNULL = YES;
				CLANG_ANALYZER_NUMBER_OBJECT_CONVERSION = YES_AGGRESSIVE;
				CLANG_CXX_LANGUAGE_STANDARD = "gnu++14";
				CLANG_CXX_LIBRARY = "libc++";
				CLANG_ENABLE_MODULES = YES;
				CLANG_ENABLE_OBJC_ARC = YES;
				CLANG_ENABLE_OBJC_WEAK = YES;
				CLANG_WARN_BLOCK_CAPTURE_AUTORELEASING = YES;
				CLANG_WARN_BOOL_CONVERSION = YES;
				CLANG_WARN_COMMA = YES;
				CLANG_WARN_CONSTANT_CONVERSION = YES;
				CLANG_WARN_DEPRECATED_OBJC_IMPLEMENTATIONS = YES;
				CLANG_WARN_DIRECT_OBJC_ISA_USAGE = YES_ERROR;
				CLANG_WARN_DOCUMENTATION_COMMENTS = YES;
				CLANG_WARN_EMPTY_BODY = YES;
				CLANG_WARN_ENUM_CONVERSION = YES;
				CLANG_WARN_INFINITE_RECURSION = YES;
				CLANG_WARN_INT_CONVERSION = YES;
				CLANG_WARN_NON_LITERAL_NULL_CONVERSION = YES;
				CLANG_WARN_OBJC_IMPLICIT_RETAIN_SELF = YES;
				CLANG_WARN_OBJC_LITERAL_CONVERSION = YES;
				CLANG_WARN_OBJC_ROOT_CLASS = YES_ERROR;
				CLANG_WARN_RANGE_LOOP_ANALYSIS = YES;
				CLANG_WARN_STRICT_PROTOTYPES = YES;
				CLANG_WARN_SUSPICIOUS_MOVE = YES;
				CLANG_WARN_UNGUARDED_AVAILABILITY = YES_AGGRESSIVE;
				CLANG_WARN_UNREACHABLE_CODE = YES;
				CLANG_WARN__DUPLICATE_METHOD_MATCH = YES;
				COPY_PHASE_STRIP = NO;
				DEBUG_INFORMATION_FORMAT = "dwarf-with-dsym";
				ENABLE_NS_ASSERTIONS = NO;
				ENABLE_STRICT_OBJC_MSGSEND = YES;
				GCC_C_LANGUAGE_STANDARD = gnu11;
				GCC_NO_COMMON_BLOCKS = YES;
				GCC_WARN_64_TO_32_BIT_CONVERSION = YES;
				GCC_WARN_ABOUT_RETURN_TYPE = YES_ERROR;
				GCC_WARN_UNDECLARED_SELECTOR = YES;
				GCC_WARN_UNINITIALIZED_AUTOS = YES_AGGRESSIVE;
				GCC_WARN_UNUSED_FUNCTION = YES;
				GCC_WARN_UNUSED_VARIABLE = YES;
				IPHONEOS_DEPLOYMENT_TARGET = 13.2;
				MTL_ENABLE_DEBUG_INFO = NO;
				MTL_FAST_MATH = YES;
				SDKROOT = iphoneos;
				SWIFT_COMPILATION_MODE = wholemodule;
				SWIFT_OPTIMIZATION_LEVEL = "-O";
				VALIDATE_PRODUCT = YES;
			};
			name = Release;
		};
		C081419E24510FAD009F76C2 /* Debug */ = {
			isa = XCBuildConfiguration;
			buildSettings = {
				ASSETCATALOG_COMPILER_APPICON_NAME = AppIcon;
				CODE_SIGN_STYLE = Automatic;
				DEVELOPMENT_TEAM = 95TXKAQ9ZU;
				INFOPLIST_FILE = Newsstand/Info.plist;
				LD_RUNPATH_SEARCH_PATHS = (
					"$(inherited)",
					"@executable_path/Frameworks",
				);
				PRODUCT_BUNDLE_IDENTIFIER = "com.jessica-trinh.Newsstand";
				PRODUCT_NAME = "$(TARGET_NAME)";
				SWIFT_VERSION = 5.0;
				TARGETED_DEVICE_FAMILY = "1,2";
			};
			name = Debug;
		};
		C081419F24510FAD009F76C2 /* Release */ = {
			isa = XCBuildConfiguration;
			buildSettings = {
				ASSETCATALOG_COMPILER_APPICON_NAME = AppIcon;
				CODE_SIGN_STYLE = Automatic;
				DEVELOPMENT_TEAM = 95TXKAQ9ZU;
				INFOPLIST_FILE = Newsstand/Info.plist;
				LD_RUNPATH_SEARCH_PATHS = (
					"$(inherited)",
					"@executable_path/Frameworks",
				);
				PRODUCT_BUNDLE_IDENTIFIER = "com.jessica-trinh.Newsstand";
				PRODUCT_NAME = "$(TARGET_NAME)";
				SWIFT_VERSION = 5.0;
				TARGETED_DEVICE_FAMILY = "1,2";
			};
			name = Release;
		};
/* End XCBuildConfiguration section */

/* Begin XCConfigurationList section */
		C081418424510FAA009F76C2 /* Build configuration list for PBXProject "Newsstand" */ = {
			isa = XCConfigurationList;
			buildConfigurations = (
				C081419B24510FAD009F76C2 /* Debug */,
				C081419C24510FAD009F76C2 /* Release */,
			);
			defaultConfigurationIsVisible = 0;
			defaultConfigurationName = Release;
		};
		C081419D24510FAD009F76C2 /* Build configuration list for PBXNativeTarget "Newsstand" */ = {
			isa = XCConfigurationList;
			buildConfigurations = (
				C081419E24510FAD009F76C2 /* Debug */,
				C081419F24510FAD009F76C2 /* Release */,
			);
			defaultConfigurationIsVisible = 0;
			defaultConfigurationName = Release;
		};
/* End XCConfigurationList section */
	};
	rootObject = C081418124510FAA009F76C2 /* Project object */;
}
